
Microsoft Visual Studio Solution File, Format Version 12.00
# Visual Studio Version 17
VisualStudioVersion = 17.12.35728.132 d17.12
MinimumVisualStudioVersion = 10.0.40219.1
Project("{FAE04EC0-301F-11D3-BF4B-00C04F79EFBC}") = "Cozy_Cuisine", "Cozy_Cuisine\Cozy_Cuisine.csproj", "{C067C864-41A1-447B-B623-B890395509B4}"
EndProject
Global
	GlobalSection(SolutionConfigurationPlatforms) = preSolution
		Debug|Any CPU = Debug|Any CPU
		Release|Any CPU = Release|Any CPU
	EndGlobalSection
	GlobalSection(ProjectConfigurationPlatforms) = postSolution
		{C067C864-41A1-447B-B623-B890395509B4}.Debug|Any CPU.ActiveCfg = Debug|Any CPU
		{C067C864-41A1-447B-B623-B890395509B4}.Debug|Any CPU.Build.0 = Debug|Any CPU
		{C067C864-41A1-447B-B623-B890395509B4}.Release|Any CPU.ActiveCfg = Release|Any CPU
		{C067C864-41A1-447B-B623-B890395509B4}.Release|Any CPU.Build.0 = Release|Any CPU
	EndGlobalSection
	GlobalSection(SolutionProperties) = preSolution
		HideSolutionNode = FALSE
	EndGlobalSection
EndGlobal
